
Microsoft Visual Studio Solution File, Format Version 12.00
# Visual Studio 15
VisualStudioVersion = 15.0.28307.421
MinimumVisualStudioVersion = 10.0.40219.1
Project("{FAE04EC0-301F-11D3-BF4B-00C04F79EFBC}") = "YoutubeSearch", "YoutubeSearch\YoutubeSearch.csproj", "{6F34D605-144A-4C2D-AF30-E8CB1CC2EAC8}"
EndProject
Global
	GlobalSection(SolutionConfigurationPlatforms) = preSolution
		Debug|Any CPU = Debug|Any CPU
		Release|Any CPU = Release|Any CPU
	EndGlobalSection
	GlobalSection(ProjectConfigurationPlatforms) = postSolution
		{6F34D605-144A-4C2D-AF30-E8CB1CC2EAC8}.Debug|Any CPU.ActiveCfg = Debug|Any CPU
		{6F34D605-144A-4C2D-AF30-E8CB1CC2EAC8}.Debug|Any CPU.Build.0 = Debug|Any CPU
		{6F34D605-144A-4C2D-AF30-E8CB1CC2EAC8}.Release|Any CPU.ActiveCfg = Release|Any CPU
		{6F34D605-144A-4C2D-AF30-E8CB1CC2EAC8}.Release|Any CPU.Build.0 = Release|Any CPU
	EndGlobalSection
	GlobalSection(SolutionProperties) = preSolution
		HideSolutionNode = FALSE
	EndGlobalSection
	GlobalSection(ExtensibilityGlobals) = postSolution
		SolutionGuid = {7365552A-FEB7-4D97-AD11-C8431FFC4C9B}
	EndGlobalSection
EndGlobal
